
Microsoft Visual Studio Solution File, Format Version 12.00
# Visual Studio 15
VisualStudioVersion = 15.0.27130.2010
MinimumVisualStudioVersion = 10.0.40219.1
Project("{8BC9CEB8-8B4A-11D0-8D11-00A0C91BC942}") = "RF_dll", "RF_dll\RF_dll.vcxproj", "{EC7E3E40-37B8-4021-9C3A-C7E8C5344423}"
EndProject
Project("{8BC9CEB8-8B4A-11D0-8D11-00A0C91BC942}") = "USIM", "USIM.vcxproj", "{7CAD8A98-C6E0-4A7C-8CC5-15F0B74F2664}"
EndProject
Project("{8BC9CEB8-8B4A-11D0-8D11-00A0C91BC942}") = "XPPlugin", "XPPlugin\XPPlugin.vcxproj", "{D57EE178-2BEC-4F18-8B22-791685053D5F}"
EndProject
Project("{8BC9CEB8-8B4A-11D0-8D11-00A0C91BC942}") = "lib_biusb", "..\..\USB_SDK\BIUSB_DLL\biusb\lib_biusb.vcxproj", "{50FD1CF1-7357-4E25-BB0A-83D277EA0EF5}"
EndProject
Global
	GlobalSection(SolutionConfigurationPlatforms) = preSolution
		Debug|Win32 = Debug|Win32
		Release|Win32 = Release|Win32
	EndGlobalSection
	GlobalSection(ProjectConfigurationPlatforms) = postSolution
		{EC7E3E40-37B8-4021-9C3A-C7E8C5344423}.Debug|Win32.ActiveCfg = Debug|Win32
		{EC7E3E40-37B8-4021-9C3A-C7E8C5344423}.Release|Win32.ActiveCfg = Release|Win32
		{7CAD8A98-C6E0-4A7C-8CC5-15F0B74F2664}.Debug|Win32.ActiveCfg = Debug|Win32
		{7CAD8A98-C6E0-4A7C-8CC5-15F0B74F2664}.Debug|Win32.Build.0 = Debug|Win32
		{7CAD8A98-C6E0-4A7C-8CC5-15F0B74F2664}.Release|Win32.ActiveCfg = Release|Win32
		{7CAD8A98-C6E0-4A7C-8CC5-15F0B74F2664}.Release|Win32.Build.0 = Release|Win32
		{D57EE178-2BEC-4F18-8B22-791685053D5F}.Debug|Win32.ActiveCfg = Debug|Win32
		{D57EE178-2BEC-4F18-8B22-791685053D5F}.Release|Win32.ActiveCfg = Release|Win32
		{D57EE178-2BEC-4F18-8B22-791685053D5F}.Release|Win32.Build.0 = Release|Win32
		{50FD1CF1-7357-4E25-BB0A-83D277EA0EF5}.Debug|Win32.ActiveCfg = Debug|Win32
		{50FD1CF1-7357-4E25-BB0A-83D277EA0EF5}.Release|Win32.ActiveCfg = Release|Win32
	EndGlobalSection
	GlobalSection(SolutionProperties) = preSolution
		HideSolutionNode = FALSE
	EndGlobalSection
	GlobalSection(ExtensibilityGlobals) = postSolution
		SolutionGuid = {70C38136-3478-4612-9224-EFCD93D5B258}
	EndGlobalSection
EndGlobal
