
Microsoft Visual Studio Solution File, Format Version 12.00
# Visual Studio 15
VisualStudioVersion = 15.0.28307.705
MinimumVisualStudioVersion = 10.0.40219.1
Project("{8BC9CEB8-8B4A-11D0-8D11-00A0C91BC942}") = "biusb", "biusb.vcxproj", "{F5C4EBBD-0B20-4871-9D89-CB3FB1F79499}"
EndProject
Global
	GlobalSection(SolutionConfigurationPlatforms) = preSolution
		Debug|Win32 = Debug|Win32
		Release|Win32 = Release|Win32
	EndGlobalSection
	GlobalSection(ProjectConfigurationPlatforms) = postSolution
		{F5C4EBBD-0B20-4871-9D89-CB3FB1F79499}.Debug|Win32.ActiveCfg = Debug|Win32
		{F5C4EBBD-0B20-4871-9D89-CB3FB1F79499}.Debug|Win32.Build.0 = Debug|Win32
		{F5C4EBBD-0B20-4871-9D89-CB3FB1F79499}.Release|Win32.ActiveCfg = Release|Win32
		{F5C4EBBD-0B20-4871-9D89-CB3FB1F79499}.Release|Win32.Build.0 = Release|Win32
	EndGlobalSection
	GlobalSection(SolutionProperties) = preSolution
		HideSolutionNode = FALSE
	EndGlobalSection
	GlobalSection(ExtensibilityGlobals) = postSolution
		SolutionGuid = {F0946E9C-187B-4B9C-9C7A-769E80D8BB01}
	EndGlobalSection
EndGlobal
