<?xml version="1.0" encoding="utf-8"?>
<Project ToolsVersion="4.0" xmlns="http://schemas.microsoft.com/developer/msbuild/2003">
  <ItemGroup>
    <Filter Include="Source Files">
      <UniqueIdentifier>{5f3e556b-3941-4ca2-ada3-4cdeedd390c8}</UniqueIdentifier>
      <Extensions>cpp;c;cxx;rc;def;r;odl;idl;hpj;bat</Extensions>
    </Filter>
    <Filter Include="Header Files">
      <UniqueIdentifier>{4ff9b85b-6e08-42da-8b6b-f6fa786f8f02}</UniqueIdentifier>
      <Extensions>h;hpp;hxx;hm;inl</Extensions>
    </Filter>
    <Filter Include="Resource Files">
      <UniqueIdentifier>{57c15886-c29a-44ca-840d-2789e9cfa8d5}</UniqueIdentifier>
    </Filter>
  </ItemGroup>
  <ItemGroup>
    <ClCompile Include="biapi.cpp">
      <Filter>Source Files</Filter>
    </ClCompile>
    <ClCompile Include="biusb.cpp">
      <Filter>Source Files</Filter>
    </ClCompile>
    <ClCompile Include="StdAfx.cpp">
      <Filter>Source Files</Filter>
    </ClCompile>
  </ItemGroup>
  <ItemGroup>
    <ClInclude Include="bidllapi.h">
      <Filter>Header Files</Filter>
    </ClInclude>
    <ClInclude Include="biusb.h">
      <Filter>Header Files</Filter>
    </ClInclude>
    <ClInclude Include="EFeeprom.h">
      <Filter>Header Files</Filter>
    </ClInclude>
    <ClInclude Include="FUeeprom.h">
      <Filter>Header Files</Filter>
    </ClInclude>
    <ClInclude Include="intel_hex.h">
      <Filter>Header Files</Filter>
    </ClInclude>
    <ClInclude Include="PLeeprom.h">
      <Filter>Header Files</Filter>
    </ClInclude>
    <ClInclude Include="resource.h">
      <Filter>Header Files</Filter>
    </ClInclude>
    <ClInclude Include="StdAfx.h">
      <Filter>Header Files</Filter>
    </ClInclude>
  </ItemGroup>
  <ItemGroup>
    <None Include="biusb.def">
      <Filter>Resource Files</Filter>
    </None>
  </ItemGroup>
  <ItemGroup>
    <ResourceCompile Include="biusb.rc">
      <Filter>Resource Files</Filter>
    </ResourceCompile>
  </ItemGroup>
</Project>