Microsoft Visual Studio Solution File, Format Version 12.00
# Visual Studio 15
VisualStudioVersion = 15.0.28307.705
MinimumVisualStudioVersion = 10.0.40219.1
Project("{8BC9CEB8-8B4A-11D0-8D11-00A0C91BC942}") = "lib_biusb", "lib_biusb.vcxproj", "{50FD1CF1-7357-4E25-BB0A-83D277EA0EF5}"
EndProject
Global
	GlobalSection(SolutionConfigurationPlatforms) = preSolution
		Debug|Win32 = Debug|Win32
		Release|Win32 = Release|Win32
	EndGlobalSection
	GlobalSection(ProjectConfigurationPlatforms) = postSolution
		{50FD1CF1-7357-4E25-BB0A-83D277EA0EF5}.Debug|Win32.ActiveCfg = Debug|Win32
		{50FD1CF1-7357-4E25-BB0A-83D277EA0EF5}.Debug|Win32.Build.0 = Debug|Win32
		{50FD1CF1-7357-4E25-BB0A-83D277EA0EF5}.Release|Win32.ActiveCfg = Release|Win32
		{50FD1CF1-7357-4E25-BB0A-83D277EA0EF5}.Release|Win32.Build.0 = Release|Win32
	EndGlobalSection
	GlobalSection(SolutionProperties) = preSolution
		HideSolutionNode = FALSE
	EndGlobalSection
	GlobalSection(ExtensibilityGlobals) = postSolution
		SolutionGuid = {05D5237B-C024-4A1A-A673-0B43208CF77F}
	EndGlobalSection
EndGlobal
